
Microsoft Visual Studio Solution File, Format Version 12.00
# Visual Studio 15
VisualStudioVersion = 15.0.26430.6
MinimumVisualStudioVersion = 10.0.40219.1
Project("{FAE04EC0-301F-11D3-BF4B-00C04F79EFBC}") = "Introduction", "Introduction\Introduction.csproj", "{17BF2A16-26EA-4E1E-9CC3-9267860C2705}"
EndProject
Project("{FAE04EC0-301F-11D3-BF4B-00C04F79EFBC}") = "Features", "Features\Features.csproj", "{6F229F62-88D2-4730-BCC2-AD7CEBAD9387}"
EndProject
Project("{FAE04EC0-301F-11D3-BF4B-00C04F79EFBC}") = "Queries", "Queries\Queries.csproj", "{A9C56A63-6B09-49A6-8390-29804F80EF81}"
EndProject
Global
	GlobalSection(SolutionConfigurationPlatforms) = preSolution
		Debug|Any CPU = Debug|Any CPU
		Release|Any CPU = Release|Any CPU
	EndGlobalSection
	GlobalSection(ProjectConfigurationPlatforms) = postSolution
		{17BF2A16-26EA-4E1E-9CC3-9267860C2705}.Debug|Any CPU.ActiveCfg = Debug|Any CPU
		{17BF2A16-26EA-4E1E-9CC3-9267860C2705}.Debug|Any CPU.Build.0 = Debug|Any CPU
		{17BF2A16-26EA-4E1E-9CC3-9267860C2705}.Release|Any CPU.ActiveCfg = Release|Any CPU
		{17BF2A16-26EA-4E1E-9CC3-9267860C2705}.Release|Any CPU.Build.0 = Release|Any CPU
		{6F229F62-88D2-4730-BCC2-AD7CEBAD9387}.Debug|Any CPU.ActiveCfg = Debug|Any CPU
		{6F229F62-88D2-4730-BCC2-AD7CEBAD9387}.Debug|Any CPU.Build.0 = Debug|Any CPU
		{6F229F62-88D2-4730-BCC2-AD7CEBAD9387}.Release|Any CPU.ActiveCfg = Release|Any CPU
		{6F229F62-88D2-4730-BCC2-AD7CEBAD9387}.Release|Any CPU.Build.0 = Release|Any CPU
		{A9C56A63-6B09-49A6-8390-29804F80EF81}.Debug|Any CPU.ActiveCfg = Debug|Any CPU
		{A9C56A63-6B09-49A6-8390-29804F80EF81}.Debug|Any CPU.Build.0 = Debug|Any CPU
		{A9C56A63-6B09-49A6-8390-29804F80EF81}.Release|Any CPU.ActiveCfg = Release|Any CPU
		{A9C56A63-6B09-49A6-8390-29804F80EF81}.Release|Any CPU.Build.0 = Release|Any CPU
	EndGlobalSection
	GlobalSection(SolutionProperties) = preSolution
		HideSolutionNode = FALSE
	EndGlobalSection
EndGlobal
